
Microsoft Visual Studio Solution File, Format Version 12.00
# Visual Studio Version 17
VisualStudioVersion = 17.0.31903.59
MinimumVisualStudioVersion = 10.0.40219.1
Project("{F2A71F9B-5D33-465A-A702-920D77279786}") = "code", "lang\code.fsproj", "{EBD1F908-B0AA-457F-8B56-AE010C03EE21}"
EndProject
Project("{F2A71F9B-5D33-465A-A702-920D77279786}") = "tests", "tests\tests.fsproj", "{26833451-F6A9-4E82-88C4-CEDB22962CFC}"
EndProject
Global
	GlobalSection(SolutionConfigurationPlatforms) = preSolution
		Debug|Any CPU = Debug|Any CPU
		Release|Any CPU = Release|Any CPU
	EndGlobalSection
	GlobalSection(SolutionProperties) = preSolution
		HideSolutionNode = FALSE
	EndGlobalSection
	GlobalSection(ProjectConfigurationPlatforms) = postSolution
		{EBD1F908-B0AA-457F-8B56-AE010C03EE21}.Debug|Any CPU.ActiveCfg = Debug|Any CPU
		{EBD1F908-B0AA-457F-8B56-AE010C03EE21}.Debug|Any CPU.Build.0 = Debug|Any CPU
		{EBD1F908-B0AA-457F-8B56-AE010C03EE21}.Release|Any CPU.ActiveCfg = Release|Any CPU
		{EBD1F908-B0AA-457F-8B56-AE010C03EE21}.Release|Any CPU.Build.0 = Release|Any CPU
		{26833451-F6A9-4E82-88C4-CEDB22962CFC}.Debug|Any CPU.ActiveCfg = Debug|Any CPU
		{26833451-F6A9-4E82-88C4-CEDB22962CFC}.Debug|Any CPU.Build.0 = Debug|Any CPU
		{26833451-F6A9-4E82-88C4-CEDB22962CFC}.Release|Any CPU.ActiveCfg = Release|Any CPU
		{26833451-F6A9-4E82-88C4-CEDB22962CFC}.Release|Any CPU.Build.0 = Release|Any CPU
	EndGlobalSection
EndGlobal
